{
  "name": "review-tab",
  "version": "1.0.0",
  "lockfileVersion": 3,
  "requires": true,
  "packages": {
    "": {
      "name": "review-tab",
      "version": "1.0.0",
      "license": "MIT",
      "bin": {
        "review-tab": "bin/review-tab.js"
      },
      "engines": {
        "node": ">=18"
      }
    }
  }
}
